// !$*UTF8*$!
{
	archiveVersion = 1;
	classes = {
	};
	objectVersion = 55;
	objects = {

/* Begin PBXBuildFile section */
		80D4352946CC83E2D0AC5080 /* Pods_MusicApp.framework in Frameworks */ = {isa = PBXBuildFile; fileRef = F5DE08EF93888F7B5621C92E /* Pods_MusicApp.framework */; };
		D521EA7E28F2A4CB000756CF /* SearchResponse.swift in Sources */ = {isa = PBXBuildFile; fileRef = D521EA7D28F2A4CB000756CF /* SearchResponse.swift */; };
		D521EA8028F43E82000756CF /* NetworkService.swift in Sources */ = {isa = PBXBuildFile; fileRef = D521EA7F28F43E82000756CF /* NetworkService.swift */; };
		D52DF55528F6E1EE000E9CF6 /* TrackCell.xib in Resources */ = {isa = PBXBuildFile; fileRef = D52DF55428F6E1EE000E9CF6 /* TrackCell.xib */; };
		D52DF55728F6E209000E9CF6 /* TrackCell.swift in Sources */ = {isa = PBXBuildFile; fileRef = D52DF55628F6E209000E9CF6 /* TrackCell.swift */; };
		D5C9255428F58F670029E140 /* SearchPresenter.swift in Sources */ = {isa = PBXBuildFile; fileRef = D5C9254D28F58F670029E140 /* SearchPresenter.swift */; };
		D5C9255528F58F670029E140 /* SearchWorker.swift in Sources */ = {isa = PBXBuildFile; fileRef = D5C9254E28F58F670029E140 /* SearchWorker.swift */; };
		D5C9255628F58F670029E140 /* SearchRouter.swift in Sources */ = {isa = PBXBuildFile; fileRef = D5C9254F28F58F670029E140 /* SearchRouter.swift */; };
		D5C9255728F58F670029E140 /* SearchModels.swift in Sources */ = {isa = PBXBuildFile; fileRef = D5C9255028F58F670029E140 /* SearchModels.swift */; };
		D5C9255828F58F670029E140 /* SearchViewController.swift in Sources */ = {isa = PBXBuildFile; fileRef = D5C9255128F58F670029E140 /* SearchViewController.swift */; };
		D5C9255928F58F670029E140 /* SearchInteractor.swift in Sources */ = {isa = PBXBuildFile; fileRef = D5C9255228F58F670029E140 /* SearchInteractor.swift */; };
		D5C9255C28F593510029E140 /* SearchViewController.storyboard in Resources */ = {isa = PBXBuildFile; fileRef = D5C9255B28F593510029E140 /* SearchViewController.storyboard */; };
		D5C9255E28F598B30029E140 /* UIViewController + Storyboard.swift in Sources */ = {isa = PBXBuildFile; fileRef = D5C9255D28F598B30029E140 /* UIViewController + Storyboard.swift */; };
		D5EE903728F03DBD005482FF /* AppDelegate.swift in Sources */ = {isa = PBXBuildFile; fileRef = D5EE903628F03DBD005482FF /* AppDelegate.swift */; };
		D5EE903928F03DBD005482FF /* SceneDelegate.swift in Sources */ = {isa = PBXBuildFile; fileRef = D5EE903828F03DBD005482FF /* SceneDelegate.swift */; };
		D5EE903B28F03DBD005482FF /* ViewController.swift in Sources */ = {isa = PBXBuildFile; fileRef = D5EE903A28F03DBD005482FF /* ViewController.swift */; };
		D5EE903E28F03DBD005482FF /* Main.storyboard in Resources */ = {isa = PBXBuildFile; fileRef = D5EE903C28F03DBD005482FF /* Main.storyboard */; };
		D5EE904028F03DBD005482FF /* Assets.xcassets in Resources */ = {isa = PBXBuildFile; fileRef = D5EE903F28F03DBD005482FF /* Assets.xcassets */; };
		D5EE904328F03DBD005482FF /* LaunchScreen.storyboard in Resources */ = {isa = PBXBuildFile; fileRef = D5EE904128F03DBD005482FF /* LaunchScreen.storyboard */; };
		D5EE904B28F03F82005482FF /* MainTabBarController.swift in Sources */ = {isa = PBXBuildFile; fileRef = D5EE904A28F03F82005482FF /* MainTabBarController.swift */; };
		D5EE904D28F04A82005482FF /* SearchMusicViewController.swift in Sources */ = {isa = PBXBuildFile; fileRef = D5EE904C28F04A82005482FF /* SearchMusicViewController.swift */; };
		D5FA17A428F829D2000BF26C /* FooterView.swift in Sources */ = {isa = PBXBuildFile; fileRef = D5FA17A328F829D2000BF26C /* FooterView.swift */; };
/* End PBXBuildFile section */

/* Begin PBXFileReference section */
		6BFBD0C8F85B8526D660ADF8 /* Pods-MusicApp.release.xcconfig */ = {isa = PBXFileReference; includeInIndex = 1; lastKnownFileType = text.xcconfig; name = "Pods-MusicApp.release.xcconfig"; path = "Target Support Files/Pods-MusicApp/Pods-MusicApp.release.xcconfig"; sourceTree = "<group>"; };
		BD376C279FC98EFB8E6C5362 /* Pods-MusicApp.debug.xcconfig */ = {isa = PBXFileReference; includeInIndex = 1; lastKnownFileType = text.xcconfig; name = "Pods-MusicApp.debug.xcconfig"; path = "Target Support Files/Pods-MusicApp/Pods-MusicApp.debug.xcconfig"; sourceTree = "<group>"; };
		D521EA7D28F2A4CB000756CF /* SearchResponse.swift */ = {isa = PBXFileReference; lastKnownFileType = sourcecode.swift; path = SearchResponse.swift; sourceTree = "<group>"; };
		D521EA7F28F43E82000756CF /* NetworkService.swift */ = {isa = PBXFileReference; lastKnownFileType = sourcecode.swift; path = NetworkService.swift; sourceTree = "<group>"; };
		D52DF55428F6E1EE000E9CF6 /* TrackCell.xib */ = {isa = PBXFileReference; lastKnownFileType = file.xib; path = TrackCell.xib; sourceTree = "<group>"; };
		D52DF55628F6E209000E9CF6 /* TrackCell.swift */ = {isa = PBXFileReference; lastKnownFileType = sourcecode.swift; path = TrackCell.swift; sourceTree = "<group>"; };
		D5C9254D28F58F670029E140 /* SearchPresenter.swift */ = {isa = PBXFileReference; lastKnownFileType = sourcecode.swift; path = SearchPresenter.swift; sourceTree = "<group>"; };
		D5C9254E28F58F670029E140 /* SearchWorker.swift */ = {isa = PBXFileReference; lastKnownFileType = sourcecode.swift; path = SearchWorker.swift; sourceTree = "<group>"; };
		D5C9254F28F58F670029E140 /* SearchRouter.swift */ = {isa = PBXFileReference; lastKnownFileType = sourcecode.swift; path = SearchRouter.swift; sourceTree = "<group>"; };
		D5C9255028F58F670029E140 /* SearchModels.swift */ = {isa = PBXFileReference; lastKnownFileType = sourcecode.swift; path = SearchModels.swift; sourceTree = "<group>"; };
		D5C9255128F58F670029E140 /* SearchViewController.swift */ = {isa = PBXFileReference; lastKnownFileType = sourcecode.swift; path = SearchViewController.swift; sourceTree = "<group>"; };
		D5C9255228F58F670029E140 /* SearchInteractor.swift */ = {isa = PBXFileReference; lastKnownFileType = sourcecode.swift; path = SearchInteractor.swift; sourceTree = "<group>"; };
		D5C9255B28F593510029E140 /* SearchViewController.storyboard */ = {isa = PBXFileReference; lastKnownFileType = file.storyboard; path = SearchViewController.storyboard; sourceTree = "<group>"; };
		D5C9255D28F598B30029E140 /* UIViewController + Storyboard.swift */ = {isa = PBXFileReference; lastKnownFileType = sourcecode.swift; path = "UIViewController + Storyboard.swift"; sourceTree = "<group>"; };
		D5EE903328F03DBD005482FF /* MusicApp.app */ = {isa = PBXFileReference; explicitFileType = wrapper.application; includeInIndex = 0; path = MusicApp.app; sourceTree = BUILT_PRODUCTS_DIR; };
		D5EE903628F03DBD005482FF /* AppDelegate.swift */ = {isa = PBXFileReference; lastKnownFileType = sourcecode.swift; path = AppDelegate.swift; sourceTree = "<group>"; };
		D5EE903828F03DBD005482FF /* SceneDelegate.swift */ = {isa = PBXFileReference; lastKnownFileType = sourcecode.swift; path = SceneDelegate.swift; sourceTree = "<group>"; };
		D5EE903A28F03DBD005482FF /* ViewController.swift */ = {isa = PBXFileReference; lastKnownFileType = sourcecode.swift; path = ViewController.swift; sourceTree = "<group>"; };
		D5EE903D28F03DBD005482FF /* Base */ = {isa = PBXFileReference; lastKnownFileType = file.storyboard; name = Base; path = Base.lproj/Main.storyboard; sourceTree = "<group>"; };
		D5EE903F28F03DBD005482FF /* Assets.xcassets */ = {isa = PBXFileReference; lastKnownFileType = folder.assetcatalog; path = Assets.xcassets; sourceTree = "<group>"; };
		D5EE904228F03DBD005482FF /* Base */ = {isa = PBXFileReference; lastKnownFileType = file.storyboard; name = Base; path = Base.lproj/LaunchScreen.storyboard; sourceTree = "<group>"; };
		D5EE904428F03DBD005482FF /* Info.plist */ = {isa = PBXFileReference; lastKnownFileType = text.plist.xml; path = Info.plist; sourceTree = "<group>"; };
		D5EE904A28F03F82005482FF /* MainTabBarController.swift */ = {isa = PBXFileReference; lastKnownFileType = sourcecode.swift; path = MainTabBarController.swift; sourceTree = "<group>"; };
		D5EE904C28F04A82005482FF /* SearchMusicViewController.swift */ = {isa = PBXFileReference; lastKnownFileType = sourcecode.swift; path = SearchMusicViewController.swift; sourceTree = "<group>"; };
		D5FA17A328F829D2000BF26C /* FooterView.swift */ = {isa = PBXFileReference; lastKnownFileType = sourcecode.swift; path = FooterView.swift; sourceTree = "<group>"; };
		F5DE08EF93888F7B5621C92E /* Pods_MusicApp.framework */ = {isa = PBXFileReference; explicitFileType = wrapper.framework; includeInIndex = 0; path = Pods_MusicApp.framework; sourceTree = BUILT_PRODUCTS_DIR; };
/* End PBXFileReference section */

/* Begin PBXFrameworksBuildPhase section */
		D5EE903028F03DBD005482FF /* Frameworks */ = {
			isa = PBXFrameworksBuildPhase;
			buildActionMask = 2147483647;
			files = (
				80D4352946CC83E2D0AC5080 /* Pods_MusicApp.framework in Frameworks */,
			);
			runOnlyForDeploymentPostprocessing = 0;
		};
/* End PBXFrameworksBuildPhase section */

/* Begin PBXGroup section */
		0A56B19D22EF6FCAF07236DA /* Frameworks */ = {
			isa = PBXGroup;
			children = (
				F5DE08EF93888F7B5621C92E /* Pods_MusicApp.framework */,
			);
			name = Frameworks;
			sourceTree = "<group>";
		};
		C519FB4BD2829026BAACE882 /* Pods */ = {
			isa = PBXGroup;
			children = (
				BD376C279FC98EFB8E6C5362 /* Pods-MusicApp.debug.xcconfig */,
				6BFBD0C8F85B8526D660ADF8 /* Pods-MusicApp.release.xcconfig */,
			);
			path = Pods;
			sourceTree = "<group>";
		};
		D52DF55328F6E1D8000E9CF6 /* Cell */ = {
			isa = PBXGroup;
			children = (
				D52DF55428F6E1EE000E9CF6 /* TrackCell.xib */,
				D52DF55628F6E209000E9CF6 /* TrackCell.swift */,
			);
			path = Cell;
			sourceTree = "<group>";
		};
		D583E8DC28F6EDD00001159B /* Models */ = {
			isa = PBXGroup;
			children = (
				D521EA7D28F2A4CB000756CF /* SearchResponse.swift */,
			);
			path = Models;
			sourceTree = "<group>";
		};
		D5C9253D28F58DB70029E140 /* Search */ = {
			isa = PBXGroup;
			children = (
				D5FA17A228F829BF000BF26C /* FooterView */,
				D52DF55328F6E1D8000E9CF6 /* Cell */,
				D5C9255B28F593510029E140 /* SearchViewController.storyboard */,
				D5C9255128F58F670029E140 /* SearchViewController.swift */,
				D5C9255228F58F670029E140 /* SearchInteractor.swift */,
				D5C9254D28F58F670029E140 /* SearchPresenter.swift */,
				D5C9255028F58F670029E140 /* SearchModels.swift */,
				D5C9254E28F58F670029E140 /* SearchWorker.swift */,
				D5C9254F28F58F670029E140 /* SearchRouter.swift */,
			);
			path = Search;
			sourceTree = "<group>";
		};
		D5C9254C28F58EEB0029E140 /* Services */ = {
			isa = PBXGroup;
			children = (
				D583E8DC28F6EDD00001159B /* Models */,
				D521EA7F28F43E82000756CF /* NetworkService.swift */,
			);
			path = Services;
			sourceTree = "<group>";
		};
		D5C9255F28F598D60029E140 /* Helpers */ = {
			isa = PBXGroup;
			children = (
				D5C9255D28F598B30029E140 /* UIViewController + Storyboard.swift */,
			);
			path = Helpers;
			sourceTree = "<group>";
		};
		D5EE902A28F03DBC005482FF = {
			isa = PBXGroup;
			children = (
				D5EE903528F03DBD005482FF /* MusicApp */,
				D5EE903428F03DBD005482FF /* Products */,
				C519FB4BD2829026BAACE882 /* Pods */,
				0A56B19D22EF6FCAF07236DA /* Frameworks */,
			);
			sourceTree = "<group>";
		};
		D5EE903428F03DBD005482FF /* Products */ = {
			isa = PBXGroup;
			children = (
				D5EE903328F03DBD005482FF /* MusicApp.app */,
			);
			name = Products;
			sourceTree = "<group>";
		};
		D5EE903528F03DBD005482FF /* MusicApp */ = {
			isa = PBXGroup;
			children = (
				D5EE903628F03DBD005482FF /* AppDelegate.swift */,
				D5EE903828F03DBD005482FF /* SceneDelegate.swift */,
				D5C9254C28F58EEB0029E140 /* Services */,
				D5EE904A28F03F82005482FF /* MainTabBarController.swift */,
				D5C9253D28F58DB70029E140 /* Search */,
				D5EE904C28F04A82005482FF /* SearchMusicViewController.swift */,
				D5EE903A28F03DBD005482FF /* ViewController.swift */,
				D5C9255F28F598D60029E140 /* Helpers */,
				D5EE903C28F03DBD005482FF /* Main.storyboard */,
				D5EE903F28F03DBD005482FF /* Assets.xcassets */,
				D5EE904128F03DBD005482FF /* LaunchScreen.storyboard */,
				D5EE904428F03DBD005482FF /* Info.plist */,
			);
			path = MusicApp;
			sourceTree = "<group>";
		};
		D5FA17A228F829BF000BF26C /* FooterView */ = {
			isa = PBXGroup;
			children = (
				D5FA17A328F829D2000BF26C /* FooterView.swift */,
			);
			path = FooterView;
			sourceTree = "<group>";
		};
/* End PBXGroup section */

/* Begin PBXNativeTarget section */
		D5EE903228F03DBD005482FF /* MusicApp */ = {
			isa = PBXNativeTarget;
			buildConfigurationList = D5EE904728F03DBD005482FF /* Build configuration list for PBXNativeTarget "MusicApp" */;
			buildPhases = (
				4BA0446A51E6EDE447F82A4B /* [CP] Check Pods Manifest.lock */,
				D5EE902F28F03DBD005482FF /* Sources */,
				D5EE903028F03DBD005482FF /* Frameworks */,
				D5EE903128F03DBD005482FF /* Resources */,
				3C0229604FA93F2BBC9F0C83 /* [CP] Embed Pods Frameworks */,
			);
			buildRules = (
			);
			dependencies = (
			);
			name = MusicApp;
			productName = MusicApp;
			productReference = D5EE903328F03DBD005482FF /* MusicApp.app */;
			productType = "com.apple.product-type.application";
		};
/* End PBXNativeTarget section */

/* Begin PBXProject section */
		D5EE902B28F03DBC005482FF /* Project object */ = {
			isa = PBXProject;
			attributes = {
				BuildIndependentTargetsInParallel = 1;
				LastSwiftUpdateCheck = 1400;
				LastUpgradeCheck = 1400;
				TargetAttributes = {
					D5EE903228F03DBD005482FF = {
						CreatedOnToolsVersion = 14.0.1;
					};
				};
			};
			buildConfigurationList = D5EE902E28F03DBC005482FF /* Build configuration list for PBXProject "MusicApp" */;
			compatibilityVersion = "Xcode 13.0";
			developmentRegion = en;
			hasScannedForEncodings = 0;
			knownRegions = (
				en,
				Base,
			);
			mainGroup = D5EE902A28F03DBC005482FF;
			productRefGroup = D5EE903428F03DBD005482FF /* Products */;
			projectDirPath = "";
			projectRoot = "";
			targets = (
				D5EE903228F03DBD005482FF /* MusicApp */,
			);
		};
/* End PBXProject section */

/* Begin PBXResourcesBuildPhase section */
		D5EE903128F03DBD005482FF /* Resources */ = {
			isa = PBXResourcesBuildPhase;
			buildActionMask = 2147483647;
			files = (
				D5EE904328F03DBD005482FF /* LaunchScreen.storyboard in Resources */,
				D52DF55528F6E1EE000E9CF6 /* TrackCell.xib in Resources */,
				D5EE904028F03DBD005482FF /* Assets.xcassets in Resources */,
				D5C9255C28F593510029E140 /* SearchViewController.storyboard in Resources */,
				D5EE903E28F03DBD005482FF /* Main.storyboard in Resources */,
			);
			runOnlyForDeploymentPostprocessing = 0;
		};
/* End PBXResourcesBuildPhase section */

/* Begin PBXShellScriptBuildPhase section */
		3C0229604FA93F2BBC9F0C83 /* [CP] Embed Pods Frameworks */ = {
			isa = PBXShellScriptBuildPhase;
			buildActionMask = 2147483647;
			files = (
			);
			inputFileListPaths = (
				"${PODS_ROOT}/Target Support Files/Pods-MusicApp/Pods-MusicApp-frameworks-${CONFIGURATION}-input-files.xcfilelist",
			);
			name = "[CP] Embed Pods Frameworks";
			outputFileListPaths = (
				"${PODS_ROOT}/Target Support Files/Pods-MusicApp/Pods-MusicApp-frameworks-${CONFIGURATION}-output-files.xcfilelist",
			);
			runOnlyForDeploymentPostprocessing = 0;
			shellPath = /bin/sh;
			shellScript = "\"${PODS_ROOT}/Target Support Files/Pods-MusicApp/Pods-MusicApp-frameworks.sh\"\n";
			showEnvVarsInLog = 0;
		};
		4BA0446A51E6EDE447F82A4B /* [CP] Check Pods Manifest.lock */ = {
			isa = PBXShellScriptBuildPhase;
			buildActionMask = 2147483647;
			files = (
			);
			inputFileListPaths = (
			);
			inputPaths = (
				"${PODS_PODFILE_DIR_PATH}/Podfile.lock",
				"${PODS_ROOT}/Manifest.lock",
			);
			name = "[CP] Check Pods Manifest.lock";
			outputFileListPaths = (
			);
			outputPaths = (
				"$(DERIVED_FILE_DIR)/Pods-MusicApp-checkManifestLockResult.txt",
			);
			runOnlyForDeploymentPostprocessing = 0;
			shellPath = /bin/sh;
			shellScript = "diff \"${PODS_PODFILE_DIR_PATH}/Podfile.lock\" \"${PODS_ROOT}/Manifest.lock\" > /dev/null\nif [ $? != 0 ] ; then\n    # print error to STDERR\n    echo \"error: The sandbox is not in sync with the Podfile.lock. Run 'pod install' or update your CocoaPods installation.\" >&2\n    exit 1\nfi\n# This output is used by Xcode 'outputs' to avoid re-running this script phase.\necho \"SUCCESS\" > \"${SCRIPT_OUTPUT_FILE_0}\"\n";
			showEnvVarsInLog = 0;
		};
/* End PBXShellScriptBuildPhase section */

/* Begin PBXSourcesBuildPhase section */
		D5EE902F28F03DBD005482FF /* Sources */ = {
			isa = PBXSourcesBuildPhase;
			buildActionMask = 2147483647;
			files = (
				D5EE904D28F04A82005482FF /* SearchMusicViewController.swift in Sources */,
				D5C9255E28F598B30029E140 /* UIViewController + Storyboard.swift in Sources */,
				D5EE903B28F03DBD005482FF /* ViewController.swift in Sources */,
				D521EA7E28F2A4CB000756CF /* SearchResponse.swift in Sources */,
				D5C9255928F58F670029E140 /* SearchInteractor.swift in Sources */,
				D5FA17A428F829D2000BF26C /* FooterView.swift in Sources */,
				D52DF55728F6E209000E9CF6 /* TrackCell.swift in Sources */,
				D5EE903728F03DBD005482FF /* AppDelegate.swift in Sources */,
				D5EE904B28F03F82005482FF /* MainTabBarController.swift in Sources */,
				D5C9255528F58F670029E140 /* SearchWorker.swift in Sources */,
				D5C9255828F58F670029E140 /* SearchViewController.swift in Sources */,
				D5C9255628F58F670029E140 /* SearchRouter.swift in Sources */,
				D5C9255728F58F670029E140 /* SearchModels.swift in Sources */,
				D5EE903928F03DBD005482FF /* SceneDelegate.swift in Sources */,
				D5C9255428F58F670029E140 /* SearchPresenter.swift in Sources */,
				D521EA8028F43E82000756CF /* NetworkService.swift in Sources */,
			);
			runOnlyForDeploymentPostprocessing = 0;
		};
/* End PBXSourcesBuildPhase section */

/* Begin PBXVariantGroup section */
		D5EE903C28F03DBD005482FF /* Main.storyboard */ = {
			isa = PBXVariantGroup;
			children = (
				D5EE903D28F03DBD005482FF /* Base */,
			);
			name = Main.storyboard;
			sourceTree = "<group>";
		};
		D5EE904128F03DBD005482FF /* LaunchScreen.storyboard */ = {
			isa = PBXVariantGroup;
			children = (
				D5EE904228F03DBD005482FF /* Base */,
			);
			name = LaunchScreen.storyboard;
			sourceTree = "<group>";
		};
/* End PBXVariantGroup section */

/* Begin XCBuildConfiguration section */
		D5EE904528F03DBD005482FF /* Debug */ = {
			isa = XCBuildConfiguration;
			buildSettings = {
				ALWAYS_SEARCH_USER_PATHS = NO;
				CLANG_ANALYZER_NONNULL = YES;
				CLANG_ANALYZER_NUMBER_OBJECT_CONVERSION = YES_AGGRESSIVE;
				CLANG_CXX_LANGUAGE_STANDARD = "gnu++20";
				CLANG_ENABLE_MODULES = YES;
				CLANG_ENABLE_OBJC_ARC = YES;
				CLANG_ENABLE_OBJC_WEAK = YES;
				CLANG_WARN_BLOCK_CAPTURE_AUTORELEASING = YES;
				CLANG_WARN_BOOL_CONVERSION = YES;
				CLANG_WARN_COMMA = YES;
				CLANG_WARN_CONSTANT_CONVERSION = YES;
				CLANG_WARN_DEPRECATED_OBJC_IMPLEMENTATIONS = YES;
				CLANG_WARN_DIRECT_OBJC_ISA_USAGE = YES_ERROR;
				CLANG_WARN_DOCUMENTATION_COMMENTS = YES;
				CLANG_WARN_EMPTY_BODY = YES;
				CLANG_WARN_ENUM_CONVERSION = YES;
				CLANG_WARN_INFINITE_RECURSION = YES;
				CLANG_WARN_INT_CONVERSION = YES;
				CLANG_WARN_NON_LITERAL_NULL_CONVERSION = YES;
				CLANG_WARN_OBJC_IMPLICIT_RETAIN_SELF = YES;
				CLANG_WARN_OBJC_LITERAL_CONVERSION = YES;
				CLANG_WARN_OBJC_ROOT_CLASS = YES_ERROR;
				CLANG_WARN_QUOTED_INCLUDE_IN_FRAMEWORK_HEADER = YES;
				CLANG_WARN_RANGE_LOOP_ANALYSIS = YES;
				CLANG_WARN_STRICT_PROTOTYPES = YES;
				CLANG_WARN_SUSPICIOUS_MOVE = YES;
				CLANG_WARN_UNGUARDED_AVAILABILITY = YES_AGGRESSIVE;
				CLANG_WARN_UNREACHABLE_CODE = YES;
				CLANG_WARN__DUPLICATE_METHOD_MATCH = YES;
				COPY_PHASE_STRIP = NO;
				DEBUG_INFORMATION_FORMAT = dwarf;
				ENABLE_STRICT_OBJC_MSGSEND = YES;
				ENABLE_TESTABILITY = YES;
				GCC_C_LANGUAGE_STANDARD = gnu11;
				GCC_DYNAMIC_NO_PIC = NO;
				GCC_NO_COMMON_BLOCKS = YES;
				GCC_OPTIMIZATION_LEVEL = 0;
				GCC_PREPROCESSOR_DEFINITIONS = (
					"DEBUG=1",
					"$(inherited)",
				);
				GCC_WARN_64_TO_32_BIT_CONVERSION = YES;
				GCC_WARN_ABOUT_RETURN_TYPE = YES_ERROR;
				GCC_WARN_UNDECLARED_SELECTOR = YES;
				GCC_WARN_UNINITIALIZED_AUTOS = YES_AGGRESSIVE;
				GCC_WARN_UNUSED_FUNCTION = YES;
				GCC_WARN_UNUSED_VARIABLE = YES;
				IPHONEOS_DEPLOYMENT_TARGET = 16.0;
				MTL_ENABLE_DEBUG_INFO = INCLUDE_SOURCE;
				MTL_FAST_MATH = YES;
				ONLY_ACTIVE_ARCH = YES;
				SDKROOT = iphoneos;
				SWIFT_ACTIVE_COMPILATION_CONDITIONS = DEBUG;
				SWIFT_OPTIMIZATION_LEVEL = "-Onone";
			};
			name = Debug;
		};
		D5EE904628F03DBD005482FF /* Release */ = {
			isa = XCBuildConfiguration;
			buildSettings = {
				ALWAYS_SEARCH_USER_PATHS = NO;
				CLANG_ANALYZER_NONNULL = YES;
				CLANG_ANALYZER_NUMBER_OBJECT_CONVERSION = YES_AGGRESSIVE;
				CLANG_CXX_LANGUAGE_STANDARD = "gnu++20";
				CLANG_ENABLE_MODULES = YES;
				CLANG_ENABLE_OBJC_ARC = YES;
				CLANG_ENABLE_OBJC_WEAK = YES;
				CLANG_WARN_BLOCK_CAPTURE_AUTORELEASING = YES;
				CLANG_WARN_BOOL_CONVERSION = YES;
				CLANG_WARN_COMMA = YES;
				CLANG_WARN_CONSTANT_CONVERSION = YES;
				CLANG_WARN_DEPRECATED_OBJC_IMPLEMENTATIONS = YES;
				CLANG_WARN_DIRECT_OBJC_ISA_USAGE = YES_ERROR;
				CLANG_WARN_DOCUMENTATION_COMMENTS = YES;
				CLANG_WARN_EMPTY_BODY = YES;
				CLANG_WARN_ENUM_CONVERSION = YES;
				CLANG_WARN_INFINITE_RECURSION = YES;
				CLANG_WARN_INT_CONVERSION = YES;
				CLANG_WARN_NON_LITERAL_NULL_CONVERSION = YES;
				CLANG_WARN_OBJC_IMPLICIT_RETAIN_SELF = YES;
				CLANG_WARN_OBJC_LITERAL_CONVERSION = YES;
				CLANG_WARN_OBJC_ROOT_CLASS = YES_ERROR;
				CLANG_WARN_QUOTED_INCLUDE_IN_FRAMEWORK_HEADER = YES;
				CLANG_WARN_RANGE_LOOP_ANALYSIS = YES;
				CLANG_WARN_STRICT_PROTOTYPES = YES;
				CLANG_WARN_SUSPICIOUS_MOVE = YES;
				CLANG_WARN_UNGUARDED_AVAILABILITY = YES_AGGRESSIVE;
				CLANG_WARN_UNREACHABLE_CODE = YES;
				CLANG_WARN__DUPLICATE_METHOD_MATCH = YES;
				COPY_PHASE_STRIP = NO;
				DEBUG_INFORMATION_FORMAT = "dwarf-with-dsym";
				ENABLE_NS_ASSERTIONS = NO;
				ENABLE_STRICT_OBJC_MSGSEND = YES;
				GCC_C_LANGUAGE_STANDARD = gnu11;
				GCC_NO_COMMON_BLOCKS = YES;
				GCC_WARN_64_TO_32_BIT_CONVERSION = YES;
				GCC_WARN_ABOUT_RETURN_TYPE = YES_ERROR;
				GCC_WARN_UNDECLARED_SELECTOR = YES;
				GCC_WARN_UNINITIALIZED_AUTOS = YES_AGGRESSIVE;
				GCC_WARN_UNUSED_FUNCTION = YES;
				GCC_WARN_UNUSED_VARIABLE = YES;
				IPHONEOS_DEPLOYMENT_TARGET = 16.0;
				MTL_ENABLE_DEBUG_INFO = NO;
				MTL_FAST_MATH = YES;
				SDKROOT = iphoneos;
				SWIFT_COMPILATION_MODE = wholemodule;
				SWIFT_OPTIMIZATION_LEVEL = "-O";
				VALIDATE_PRODUCT = YES;
			};
			name = Release;
		};
		D5EE904828F03DBD005482FF /* Debug */ = {
			isa = XCBuildConfiguration;
			baseConfigurationReference = BD376C279FC98EFB8E6C5362 /* Pods-MusicApp.debug.xcconfig */;
			buildSettings = {
				ASSETCATALOG_COMPILER_APPICON_NAME = AppIcon;
				ASSETCATALOG_COMPILER_GLOBAL_ACCENT_COLOR_NAME = AccentColor;
				CODE_SIGN_STYLE = Automatic;
				CURRENT_PROJECT_VERSION = 1;
				DEVELOPMENT_TEAM = 586H9K983F;
				GENERATE_INFOPLIST_FILE = YES;
				INFOPLIST_FILE = MusicApp/Info.plist;
				INFOPLIST_KEY_UIApplicationSupportsIndirectInputEvents = YES;
				INFOPLIST_KEY_UILaunchStoryboardName = LaunchScreen;
				INFOPLIST_KEY_UIMainStoryboardFile = Main;
				INFOPLIST_KEY_UIStatusBarStyle = "";
				INFOPLIST_KEY_UISupportedInterfaceOrientations_iPad = "UIInterfaceOrientationPortrait UIInterfaceOrientationPortraitUpsideDown UIInterfaceOrientationLandscapeLeft UIInterfaceOrientationLandscapeRight";
				INFOPLIST_KEY_UISupportedInterfaceOrientations_iPhone = "UIInterfaceOrientationPortrait UIInterfaceOrientationLandscapeLeft UIInterfaceOrientationLandscapeRight";
				IPHONEOS_DEPLOYMENT_TARGET = 16.0;
				LD_RUNPATH_SEARCH_PATHS = (
					"$(inherited)",
					"@executable_path/Frameworks",
				);
				MARKETING_VERSION = 1.0;
				PRODUCT_BUNDLE_IDENTIFIER = ru.maxgrishenko.MusicApp;
				PRODUCT_NAME = "$(TARGET_NAME)";
				SUPPORTED_PLATFORMS = "iphoneos iphonesimulator";
				SUPPORTS_MACCATALYST = NO;
				SUPPORTS_MAC_DESIGNED_FOR_IPHONE_IPAD = NO;
				SWIFT_EMIT_LOC_STRINGS = YES;
				SWIFT_VERSION = 5.0;
				TARGETED_DEVICE_FAMILY = 1;
			};
			name = Debug;
		};
		D5EE904928F03DBD005482FF /* Release */ = {
			isa = XCBuildConfiguration;
			baseConfigurationReference = 6BFBD0C8F85B8526D660ADF8 /* Pods-MusicApp.release.xcconfig */;
			buildSettings = {
				ASSETCATALOG_COMPILER_APPICON_NAME = AppIcon;
				ASSETCATALOG_COMPILER_GLOBAL_ACCENT_COLOR_NAME = AccentColor;
				CODE_SIGN_STYLE = Automatic;
				CURRENT_PROJECT_VERSION = 1;
				DEVELOPMENT_TEAM = 586H9K983F;
				GENERATE_INFOPLIST_FILE = YES;
				INFOPLIST_FILE = MusicApp/Info.plist;
				INFOPLIST_KEY_UIApplicationSupportsIndirectInputEvents = YES;
				INFOPLIST_KEY_UILaunchStoryboardName = LaunchScreen;
				INFOPLIST_KEY_UIMainStoryboardFile = Main;
				INFOPLIST_KEY_UIStatusBarStyle = "";
				INFOPLIST_KEY_UISupportedInterfaceOrientations_iPad = "UIInterfaceOrientationPortrait UIInterfaceOrientationPortraitUpsideDown UIInterfaceOrientationLandscapeLeft UIInterfaceOrientationLandscapeRight";
				INFOPLIST_KEY_UISupportedInterfaceOrientations_iPhone = "UIInterfaceOrientationPortrait UIInterfaceOrientationLandscapeLeft UIInterfaceOrientationLandscapeRight";
				IPHONEOS_DEPLOYMENT_TARGET = 16.0;
				LD_RUNPATH_SEARCH_PATHS = (
					"$(inherited)",
					"@executable_path/Frameworks",
				);
				MARKETING_VERSION = 1.0;
				PRODUCT_BUNDLE_IDENTIFIER = ru.maxgrishenko.MusicApp;
				PRODUCT_NAME = "$(TARGET_NAME)";
				SUPPORTED_PLATFORMS = "iphoneos iphonesimulator";
				SUPPORTS_MACCATALYST = NO;
				SUPPORTS_MAC_DESIGNED_FOR_IPHONE_IPAD = NO;
				SWIFT_EMIT_LOC_STRINGS = YES;
				SWIFT_VERSION = 5.0;
				TARGETED_DEVICE_FAMILY = 1;
			};
			name = Release;
		};
/* End XCBuildConfiguration section */

/* Begin XCConfigurationList section */
		D5EE902E28F03DBC005482FF /* Build configuration list for PBXProject "MusicApp" */ = {
			isa = XCConfigurationList;
			buildConfigurations = (
				D5EE904528F03DBD005482FF /* Debug */,
				D5EE904628F03DBD005482FF /* Release */,
			);
			defaultConfigurationIsVisible = 0;
			defaultConfigurationName = Release;
		};
		D5EE904728F03DBD005482FF /* Build configuration list for PBXNativeTarget "MusicApp" */ = {
			isa = XCConfigurationList;
			buildConfigurations = (
				D5EE904828F03DBD005482FF /* Debug */,
				D5EE904928F03DBD005482FF /* Release */,
			);
			defaultConfigurationIsVisible = 0;
			defaultConfigurationName = Release;
		};
/* End XCConfigurationList section */
	};
	rootObject = D5EE902B28F03DBC005482FF /* Project object */;
}
